
Microsoft Visual Studio Solution File, Format Version 12.00
# Visual Studio 15
VisualStudioVersion = 15.0.27703.2035
MinimumVisualStudioVersion = 10.0.40219.1
Project("{8BC9CEB8-8B4A-11D0-8D11-00A0C91BC942}") = "TTTest", "TTTest.vcxproj", "{2BFB30F5-0AA1-4F74-BC20-6A2D4916F008}"
	ProjectSection(ProjectDependencies) = postProject
		{8F78CDF8-5496-461F-A182-715FCFD78FFE} = {8F78CDF8-5496-461F-A182-715FCFD78FFE}
	EndProjectSection
EndProject
Project("{8BC9CEB8-8B4A-11D0-8D11-00A0C91BC942}") = "TT", "..\TT\TT.vcxproj", "{8F78CDF8-5496-461F-A182-715FCFD78FFE}"
EndProject
Global
	GlobalSection(SolutionConfigurationPlatforms) = preSolution
		Debug|x64 = Debug|x64
		Debug|x86 = Debug|x86
		Release|x64 = Release|x64
		Release|x86 = Release|x86
	EndGlobalSection
	GlobalSection(ProjectConfigurationPlatforms) = postSolution
		{2BFB30F5-0AA1-4F74-BC20-6A2D4916F008}.Debug|x64.ActiveCfg = Debug|x64
		{2BFB30F5-0AA1-4F74-BC20-6A2D4916F008}.Debug|x64.Build.0 = Debug|x64
		{2BFB30F5-0AA1-4F74-BC20-6A2D4916F008}.Debug|x86.ActiveCfg = Debug|Win32
		{2BFB30F5-0AA1-4F74-BC20-6A2D4916F008}.Debug|x86.Build.0 = Debug|Win32
		{2BFB30F5-0AA1-4F74-BC20-6A2D4916F008}.Release|x64.ActiveCfg = Release|x64
		{2BFB30F5-0AA1-4F74-BC20-6A2D4916F008}.Release|x64.Build.0 = Release|x64
		{2BFB30F5-0AA1-4F74-BC20-6A2D4916F008}.Release|x86.ActiveCfg = Release|Win32
		{2BFB30F5-0AA1-4F74-BC20-6A2D4916F008}.Release|x86.Build.0 = Release|Win32
		{8F78CDF8-5496-461F-A182-715FCFD78FFE}.Debug|x64.ActiveCfg = Debug|x64
		{8F78CDF8-5496-461F-A182-715FCFD78FFE}.Debug|x64.Build.0 = Debug|x64
		{8F78CDF8-5496-461F-A182-715FCFD78FFE}.Debug|x86.ActiveCfg = Debug|Win32
		{8F78CDF8-5496-461F-A182-715FCFD78FFE}.Debug|x86.Build.0 = Debug|Win32
		{8F78CDF8-5496-461F-A182-715FCFD78FFE}.Release|x64.ActiveCfg = Release|x64
		{8F78CDF8-5496-461F-A182-715FCFD78FFE}.Release|x64.Build.0 = Release|x64
		{8F78CDF8-5496-461F-A182-715FCFD78FFE}.Release|x86.ActiveCfg = Release|Win32
		{8F78CDF8-5496-461F-A182-715FCFD78FFE}.Release|x86.Build.0 = Release|Win32
	EndGlobalSection
	GlobalSection(SolutionProperties) = preSolution
		HideSolutionNode = FALSE
	EndGlobalSection
	GlobalSection(ExtensibilityGlobals) = postSolution
		SolutionGuid = {ACFC1B13-6A91-4944-8EB3-DA6340EC09B0}
	EndGlobalSection
EndGlobal
