<?xml version="1.0" encoding="utf-8"?>
<Project ToolsVersion="4.0" xmlns="http://schemas.microsoft.com/developer/msbuild/2003">
  <ItemGroup>
    <ClInclude Include="ATC.h" />
    <ClInclude Include="BaseType.h" />
    <ClInclude Include="BC.h" />
    <ClInclude Include="Color.h" />
    <ClInclude Include="ETC.h" />
    <ClInclude Include="PVRTC.h" />
    <ClInclude Include="ColorBlock.h" />
    <ClInclude Include="Math.h" />
  </ItemGroup>
  <ItemGroup>
    <ClCompile Include="ETC.cpp" />
  </ItemGroup>
</Project>